// !$*UTF8*$!
{
	archiveVersion = 1;
	classes = {
	};
	objectVersion = 50;
	objects = {

/* Begin PBXBuildFile section */
		44A6FB58226F2D4700416F54 /* AppDelegate.m in Sources */ = {isa = PBXBuildFile; fileRef = 44A6FB57226F2D4700416F54 /* AppDelegate.m */; };
		44A6FB5B226F2D4700416F54 /* ViewController.m in Sources */ = {isa = PBXBuildFile; fileRef = 44A6FB5A226F2D4700416F54 /* ViewController.m */; };
		44A6FB5E226F2D4700416F54 /* Main.storyboard in Resources */ = {isa = PBXBuildFile; fileRef = 44A6FB5C226F2D4700416F54 /* Main.storyboard */; };
		44A6FB60226F2D4900416F54 /* Assets.xcassets in Resources */ = {isa = PBXBuildFile; fileRef = 44A6FB5F226F2D4900416F54 /* Assets.xcassets */; };
		44A6FB63226F2D4900416F54 /* LaunchScreen.storyboard in Resources */ = {isa = PBXBuildFile; fileRef = 44A6FB61226F2D4900416F54 /* LaunchScreen.storyboard */; };
		44A6FB66226F2D4900416F54 /* main.m in Sources */ = {isa = PBXBuildFile; fileRef = 44A6FB65226F2D4900416F54 /* main.m */; };
		44A6FB70226F2D4900416F54 /* MYIPHONETests.m in Sources */ = {isa = PBXBuildFile; fileRef = 44A6FB6F226F2D4900416F54 /* MYIPHONETests.m */; };
		44A6FB7B226F2D4900416F54 /* MYIPHONEUITests.m in Sources */ = {isa = PBXBuildFile; fileRef = 44A6FB7A226F2D4900416F54 /* MYIPHONEUITests.m */; };
/* End PBXBuildFile section */

/* Begin PBXContainerItemProxy section */
		44A6FB6C226F2D4900416F54 /* PBXContainerItemProxy */ = {
			isa = PBXContainerItemProxy;
			containerPortal = 44A6FB4B226F2D4700416F54 /* Project object */;
			proxyType = 1;
			remoteGlobalIDString = 44A6FB52226F2D4700416F54;
			remoteInfo = MYIPHONE;
		};
		44A6FB77226F2D4900416F54 /* PBXContainerItemProxy */ = {
			isa = PBXContainerItemProxy;
			containerPortal = 44A6FB4B226F2D4700416F54 /* Project object */;
			proxyType = 1;
			remoteGlobalIDString = 44A6FB52226F2D4700416F54;
			remoteInfo = MYIPHONE;
		};
/* End PBXContainerItemProxy section */

/* Begin PBXFileReference section */
		44A6FB53226F2D4700416F54 /* MYIPHONE.app */ = {isa = PBXFileReference; explicitFileType = wrapper.application; includeInIndex = 0; path = MYIPHONE.app; sourceTree = BUILT_PRODUCTS_DIR; };
		44A6FB56226F2D4700416F54 /* AppDelegate.h */ = {isa = PBXFileReference; lastKnownFileType = sourcecode.c.h; path = AppDelegate.h; sourceTree = "<group>"; };
		44A6FB57226F2D4700416F54 /* AppDelegate.m */ = {isa = PBXFileReference; lastKnownFileType = sourcecode.c.objc; path = AppDelegate.m; sourceTree = "<group>"; };
		44A6FB59226F2D4700416F54 /* ViewController.h */ = {isa = PBXFileReference; lastKnownFileType = sourcecode.c.h; path = ViewController.h; sourceTree = "<group>"; };
		44A6FB5A226F2D4700416F54 /* ViewController.m */ = {isa = PBXFileReference; lastKnownFileType = sourcecode.c.objc; path = ViewController.m; sourceTree = "<group>"; };
		44A6FB5D226F2D4700416F54 /* Base */ = {isa = PBXFileReference; lastKnownFileType = file.storyboard; name = Base; path = Base.lproj/Main.storyboard; sourceTree = "<group>"; };
		44A6FB5F226F2D4900416F54 /* Assets.xcassets */ = {isa = PBXFileReference; lastKnownFileType = folder.assetcatalog; path = Assets.xcassets; sourceTree = "<group>"; };
		44A6FB62226F2D4900416F54 /* Base */ = {isa = PBXFileReference; lastKnownFileType = file.storyboard; name = Base; path = Base.lproj/LaunchScreen.storyboard; sourceTree = "<group>"; };
		44A6FB64226F2D4900416F54 /* Info.plist */ = {isa = PBXFileReference; lastKnownFileType = text.plist.xml; path = Info.plist; sourceTree = "<group>"; };
		44A6FB65226F2D4900416F54 /* main.m */ = {isa = PBXFileReference; lastKnownFileType = sourcecode.c.objc; path = main.m; sourceTree = "<group>"; };
		44A6FB6B226F2D4900416F54 /* MYIPHONETests.xctest */ = {isa = PBXFileReference; explicitFileType = wrapper.cfbundle; includeInIndex = 0; path = MYIPHONETests.xctest; sourceTree = BUILT_PRODUCTS_DIR; };
		44A6FB6F226F2D4900416F54 /* MYIPHONETests.m */ = {isa = PBXFileReference; lastKnownFileType = sourcecode.c.objc; path = MYIPHONETests.m; sourceTree = "<group>"; };
		44A6FB71226F2D4900416F54 /* Info.plist */ = {isa = PBXFileReference; lastKnownFileType = text.plist.xml; path = Info.plist; sourceTree = "<group>"; };
		44A6FB76226F2D4900416F54 /* MYIPHONEUITests.xctest */ = {isa = PBXFileReference; explicitFileType = wrapper.cfbundle; includeInIndex = 0; path = MYIPHONEUITests.xctest; sourceTree = BUILT_PRODUCTS_DIR; };
		44A6FB7A226F2D4900416F54 /* MYIPHONEUITests.m */ = {isa = PBXFileReference; lastKnownFileType = sourcecode.c.objc; path = MYIPHONEUITests.m; sourceTree = "<group>"; };
		44A6FB7C226F2D4900416F54 /* Info.plist */ = {isa = PBXFileReference; lastKnownFileType = text.plist.xml; path = Info.plist; sourceTree = "<group>"; };
/* End PBXFileReference section */

/* Begin PBXFrameworksBuildPhase section */
		44A6FB50226F2D4700416F54 /* Frameworks */ = {
			isa = PBXFrameworksBuildPhase;
			buildActionMask = 2147483647;
			files = (
			);
			runOnlyForDeploymentPostprocessing = 0;
		};
		44A6FB68226F2D4900416F54 /* Frameworks */ = {
			isa = PBXFrameworksBuildPhase;
			buildActionMask = 2147483647;
			files = (
			);
			runOnlyForDeploymentPostprocessing = 0;
		};
		44A6FB73226F2D4900416F54 /* Frameworks */ = {
			isa = PBXFrameworksBuildPhase;
			buildActionMask = 2147483647;
			files = (
			);
			runOnlyForDeploymentPostprocessing = 0;
		};
/* End PBXFrameworksBuildPhase section */

/* Begin PBXGroup section */
		44A6FB4A226F2D4700416F54 = {
			isa = PBXGroup;
			children = (
				44A6FB55226F2D4700416F54 /* MYIPHONE */,
				44A6FB6E226F2D4900416F54 /* MYIPHONETests */,
				44A6FB79226F2D4900416F54 /* MYIPHONEUITests */,
				44A6FB54226F2D4700416F54 /* Products */,
			);
			sourceTree = "<group>";
		};
		44A6FB54226F2D4700416F54 /* Products */ = {
			isa = PBXGroup;
			children = (
				44A6FB53226F2D4700416F54 /* MYIPHONE.app */,
				44A6FB6B226F2D4900416F54 /* MYIPHONETests.xctest */,
				44A6FB76226F2D4900416F54 /* MYIPHONEUITests.xctest */,
			);
			name = Products;
			sourceTree = "<group>";
		};
		44A6FB55226F2D4700416F54 /* MYIPHONE */ = {
			isa = PBXGroup;
			children = (
				44A6FB56226F2D4700416F54 /* AppDelegate.h */,
				44A6FB57226F2D4700416F54 /* AppDelegate.m */,
				44A6FB59226F2D4700416F54 /* ViewController.h */,
				44A6FB5A226F2D4700416F54 /* ViewController.m */,
				44A6FB5C226F2D4700416F54 /* Main.storyboard */,
				44A6FB5F226F2D4900416F54 /* Assets.xcassets */,
				44A6FB61226F2D4900416F54 /* LaunchScreen.storyboard */,
				44A6FB64226F2D4900416F54 /* Info.plist */,
				44A6FB65226F2D4900416F54 /* main.m */,
			);
			path = MYIPHONE;
			sourceTree = "<group>";
		};
		44A6FB6E226F2D4900416F54 /* MYIPHONETests */ = {
			isa = PBXGroup;
			children = (
				44A6FB6F226F2D4900416F54 /* MYIPHONETests.m */,
				44A6FB71226F2D4900416F54 /* Info.plist */,
			);
			path = MYIPHONETests;
			sourceTree = "<group>";
		};
		44A6FB79226F2D4900416F54 /* MYIPHONEUITests */ = {
			isa = PBXGroup;
			children = (
				44A6FB7A226F2D4900416F54 /* MYIPHONEUITests.m */,
				44A6FB7C226F2D4900416F54 /* Info.plist */,
			);
			path = MYIPHONEUITests;
			sourceTree = "<group>";
		};
/* End PBXGroup section */

/* Begin PBXNativeTarget section */
		44A6FB52226F2D4700416F54 /* MYIPHONE */ = {
			isa = PBXNativeTarget;
			buildConfigurationList = 44A6FB7F226F2D4900416F54 /* Build configuration list for PBXNativeTarget "MYIPHONE" */;
			buildPhases = (
				44A6FB4F226F2D4700416F54 /* Sources */,
				44A6FB50226F2D4700416F54 /* Frameworks */,
				44A6FB51226F2D4700416F54 /* Resources */,
			);
			buildRules = (
			);
			dependencies = (
			);
			name = MYIPHONE;
			productName = MYIPHONE;
			productReference = 44A6FB53226F2D4700416F54 /* MYIPHONE.app */;
			productType = "com.apple.product-type.application";
		};
		44A6FB6A226F2D4900416F54 /* MYIPHONETests */ = {
			isa = PBXNativeTarget;
			buildConfigurationList = 44A6FB82226F2D4900416F54 /* Build configuration list for PBXNativeTarget "MYIPHONETests" */;
			buildPhases = (
				44A6FB67226F2D4900416F54 /* Sources */,
				44A6FB68226F2D4900416F54 /* Frameworks */,
				44A6FB69226F2D4900416F54 /* Resources */,
			);
			buildRules = (
			);
			dependencies = (
				44A6FB6D226F2D4900416F54 /* PBXTargetDependency */,
			);
			name = MYIPHONETests;
			productName = MYIPHONETests;
			productReference = 44A6FB6B226F2D4900416F54 /* MYIPHONETests.xctest */;
			productType = "com.apple.product-type.bundle.unit-test";
		};
		44A6FB75226F2D4900416F54 /* MYIPHONEUITests */ = {
			isa = PBXNativeTarget;
			buildConfigurationList = 44A6FB85226F2D4900416F54 /* Build configuration list for PBXNativeTarget "MYIPHONEUITests" */;
			buildPhases = (
				44A6FB72226F2D4900416F54 /* Sources */,
				44A6FB73226F2D4900416F54 /* Frameworks */,
				44A6FB74226F2D4900416F54 /* Resources */,
			);
			buildRules = (
			);
			dependencies = (
				44A6FB78226F2D4900416F54 /* PBXTargetDependency */,
			);
			name = MYIPHONEUITests;
			productName = MYIPHONEUITests;
			productReference = 44A6FB76226F2D4900416F54 /* MYIPHONEUITests.xctest */;
			productType = "com.apple.product-type.bundle.ui-testing";
		};
/* End PBXNativeTarget section */

/* Begin PBXProject section */
		44A6FB4B226F2D4700416F54 /* Project object */ = {
			isa = PBXProject;
			attributes = {
				LastUpgradeCheck = 1010;
				ORGANIZATIONNAME = Allin372;
				TargetAttributes = {
					44A6FB52226F2D4700416F54 = {
						CreatedOnToolsVersion = 10.1;
					};
					44A6FB6A226F2D4900416F54 = {
						CreatedOnToolsVersion = 10.1;
						TestTargetID = 44A6FB52226F2D4700416F54;
					};
					44A6FB75226F2D4900416F54 = {
						CreatedOnToolsVersion = 10.1;
						TestTargetID = 44A6FB52226F2D4700416F54;
					};
				};
			};
			buildConfigurationList = 44A6FB4E226F2D4700416F54 /* Build configuration list for PBXProject "MYIPHONE" */;
			compatibilityVersion = "Xcode 9.3";
			developmentRegion = en;
			hasScannedForEncodings = 0;
			knownRegions = (
				en,
				Base,
			);
			mainGroup = 44A6FB4A226F2D4700416F54;
			productRefGroup = 44A6FB54226F2D4700416F54 /* Products */;
			projectDirPath = "";
			projectRoot = "";
			targets = (
				44A6FB52226F2D4700416F54 /* MYIPHONE */,
				44A6FB6A226F2D4900416F54 /* MYIPHONETests */,
				44A6FB75226F2D4900416F54 /* MYIPHONEUITests */,
			);
		};
/* End PBXProject section */

/* Begin PBXResourcesBuildPhase section */
		44A6FB51226F2D4700416F54 /* Resources */ = {
			isa = PBXResourcesBuildPhase;
			buildActionMask = 2147483647;
			files = (
				44A6FB63226F2D4900416F54 /* LaunchScreen.storyboard in Resources */,
				44A6FB60226F2D4900416F54 /* Assets.xcassets in Resources */,
				44A6FB5E226F2D4700416F54 /* Main.storyboard in Resources */,
			);
			runOnlyForDeploymentPostprocessing = 0;
		};
		44A6FB69226F2D4900416F54 /* Resources */ = {
			isa = PBXResourcesBuildPhase;
			buildActionMask = 2147483647;
			files = (
			);
			runOnlyForDeploymentPostprocessing = 0;
		};
		44A6FB74226F2D4900416F54 /* Resources */ = {
			isa = PBXResourcesBuildPhase;
			buildActionMask = 2147483647;
			files = (
			);
			runOnlyForDeploymentPostprocessing = 0;
		};
/* End PBXResourcesBuildPhase section */

/* Begin PBXSourcesBuildPhase section */
		44A6FB4F226F2D4700416F54 /* Sources */ = {
			isa = PBXSourcesBuildPhase;
			buildActionMask = 2147483647;
			files = (
				44A6FB5B226F2D4700416F54 /* ViewController.m in Sources */,
				44A6FB66226F2D4900416F54 /* main.m in Sources */,
				44A6FB58226F2D4700416F54 /* AppDelegate.m in Sources */,
			);
			runOnlyForDeploymentPostprocessing = 0;
		};
		44A6FB67226F2D4900416F54 /* Sources */ = {
			isa = PBXSourcesBuildPhase;
			buildActionMask = 2147483647;
			files = (
				44A6FB70226F2D4900416F54 /* MYIPHONETests.m in Sources */,
			);
			runOnlyForDeploymentPostprocessing = 0;
		};
		44A6FB72226F2D4900416F54 /* Sources */ = {
			isa = PBXSourcesBuildPhase;
			buildActionMask = 2147483647;
			files = (
				44A6FB7B226F2D4900416F54 /* MYIPHONEUITests.m in Sources */,
			);
			runOnlyForDeploymentPostprocessing = 0;
		};
/* End PBXSourcesBuildPhase section */

/* Begin PBXTargetDependency section */
		44A6FB6D226F2D4900416F54 /* PBXTargetDependency */ = {
			isa = PBXTargetDependency;
			target = 44A6FB52226F2D4700416F54 /* MYIPHONE */;
			targetProxy = 44A6FB6C226F2D4900416F54 /* PBXContainerItemProxy */;
		};
		44A6FB78226F2D4900416F54 /* PBXTargetDependency */ = {
			isa = PBXTargetDependency;
			target = 44A6FB52226F2D4700416F54 /* MYIPHONE */;
			targetProxy = 44A6FB77226F2D4900416F54 /* PBXContainerItemProxy */;
		};
/* End PBXTargetDependency section */

/* Begin PBXVariantGroup section */
		44A6FB5C226F2D4700416F54 /* Main.storyboard */ = {
			isa = PBXVariantGroup;
			children = (
				44A6FB5D226F2D4700416F54 /* Base */,
			);
			name = Main.storyboard;
			sourceTree = "<group>";
		};
		44A6FB61226F2D4900416F54 /* LaunchScreen.storyboard */ = {
			isa = PBXVariantGroup;
			children = (
				44A6FB62226F2D4900416F54 /* Base */,
			);
			name = LaunchScreen.storyboard;
			sourceTree = "<group>";
		};
/* End PBXVariantGroup section */

/* Begin XCBuildConfiguration section */
		44A6FB7D226F2D4900416F54 /* Debug */ = {
			isa = XCBuildConfiguration;
			buildSettings = {
				ALWAYS_SEARCH_USER_PATHS = NO;
				CLANG_ANALYZER_NONNULL = YES;
				CLANG_ANALYZER_NUMBER_OBJECT_CONVERSION = YES_AGGRESSIVE;
				CLANG_CXX_LANGUAGE_STANDARD = "gnu++14";
				CLANG_CXX_LIBRARY = "libc++";
				CLANG_ENABLE_MODULES = YES;
				CLANG_ENABLE_OBJC_ARC = YES;
				CLANG_ENABLE_OBJC_WEAK = YES;
				CLANG_WARN_BLOCK_CAPTURE_AUTORELEASING = YES;
				CLANG_WARN_BOOL_CONVERSION = YES;
				CLANG_WARN_COMMA = YES;
				CLANG_WARN_CONSTANT_CONVERSION = YES;
				CLANG_WARN_DEPRECATED_OBJC_IMPLEMENTATIONS = YES;
				CLANG_WARN_DIRECT_OBJC_ISA_USAGE = YES_ERROR;
				CLANG_WARN_DOCUMENTATION_COMMENTS = YES;
				CLANG_WARN_EMPTY_BODY = YES;
				CLANG_WARN_ENUM_CONVERSION = YES;
				CLANG_WARN_INFINITE_RECURSION = YES;
				CLANG_WARN_INT_CONVERSION = YES;
				CLANG_WARN_NON_LITERAL_NULL_CONVERSION = YES;
				CLANG_WARN_OBJC_IMPLICIT_RETAIN_SELF = YES;
				CLANG_WARN_OBJC_LITERAL_CONVERSION = YES;
				CLANG_WARN_OBJC_ROOT_CLASS = YES_ERROR;
				CLANG_WARN_RANGE_LOOP_ANALYSIS = YES;
				CLANG_WARN_STRICT_PROTOTYPES = YES;
				CLANG_WARN_SUSPICIOUS_MOVE = YES;
				CLANG_WARN_UNGUARDED_AVAILABILITY = YES_AGGRESSIVE;
				CLANG_WARN_UNREACHABLE_CODE = YES;
				CLANG_WARN__DUPLICATE_METHOD_MATCH = YES;
				CODE_SIGN_IDENTITY = "iPhone Developer";
				COPY_PHASE_STRIP = NO;
				DEBUG_INFORMATION_FORMAT = dwarf;
				ENABLE_STRICT_OBJC_MSGSEND = YES;
				ENABLE_TESTABILITY = YES;
				GCC_C_LANGUAGE_STANDARD = gnu11;
				GCC_DYNAMIC_NO_PIC = NO;
				GCC_NO_COMMON_BLOCKS = YES;
				GCC_OPTIMIZATION_LEVEL = 0;
				GCC_PREPROCESSOR_DEFINITIONS = (
					"DEBUG=1",
					"$(inherited)",
				);
				GCC_WARN_64_TO_32_BIT_CONVERSION = YES;
				GCC_WARN_ABOUT_RETURN_TYPE = YES_ERROR;
				GCC_WARN_UNDECLARED_SELECTOR = YES;
				GCC_WARN_UNINITIALIZED_AUTOS = YES_AGGRESSIVE;
				GCC_WARN_UNUSED_FUNCTION = YES;
				GCC_WARN_UNUSED_VARIABLE = YES;
				IPHONEOS_DEPLOYMENT_TARGET = 12.1;
				MTL_ENABLE_DEBUG_INFO = INCLUDE_SOURCE;
				MTL_FAST_MATH = YES;
				ONLY_ACTIVE_ARCH = YES;
				SDKROOT = iphoneos;
			};
			name = Debug;
		};
		44A6FB7E226F2D4900416F54 /* Release */ = {
			isa = XCBuildConfiguration;
			buildSettings = {
				ALWAYS_SEARCH_USER_PATHS = NO;
				CLANG_ANALYZER_NONNULL = YES;
				CLANG_ANALYZER_NUMBER_OBJECT_CONVERSION = YES_AGGRESSIVE;
				CLANG_CXX_LANGUAGE_STANDARD = "gnu++14";
				CLANG_CXX_LIBRARY = "libc++";
				CLANG_ENABLE_MODULES = YES;
				CLANG_ENABLE_OBJC_ARC = YES;
				CLANG_ENABLE_OBJC_WEAK = YES;
				CLANG_WARN_BLOCK_CAPTURE_AUTORELEASING = YES;
				CLANG_WARN_BOOL_CONVERSION = YES;
				CLANG_WARN_COMMA = YES;
				CLANG_WARN_CONSTANT_CONVERSION = YES;
				CLANG_WARN_DEPRECATED_OBJC_IMPLEMENTATIONS = YES;
				CLANG_WARN_DIRECT_OBJC_ISA_USAGE = YES_ERROR;
				CLANG_WARN_DOCUMENTATION_COMMENTS = YES;
				CLANG_WARN_EMPTY_BODY = YES;
				CLANG_WARN_ENUM_CONVERSION = YES;
				CLANG_WARN_INFINITE_RECURSION = YES;
				CLANG_WARN_INT_CONVERSION = YES;
				CLANG_WARN_NON_LITERAL_NULL_CONVERSION = YES;
				CLANG_WARN_OBJC_IMPLICIT_RETAIN_SELF = YES;
				CLANG_WARN_OBJC_LITERAL_CONVERSION = YES;
				CLANG_WARN_OBJC_ROOT_CLASS = YES_ERROR;
				CLANG_WARN_RANGE_LOOP_ANALYSIS = YES;
				CLANG_WARN_STRICT_PROTOTYPES = YES;
				CLANG_WARN_SUSPICIOUS_MOVE = YES;
				CLANG_WARN_UNGUARDED_AVAILABILITY = YES_AGGRESSIVE;
				CLANG_WARN_UNREACHABLE_CODE = YES;
				CLANG_WARN__DUPLICATE_METHOD_MATCH = YES;
				CODE_SIGN_IDENTITY = "iPhone Developer";
				COPY_PHASE_STRIP = NO;
				DEBUG_INFORMATION_FORMAT = "dwarf-with-dsym";
				ENABLE_NS_ASSERTIONS = NO;
				ENABLE_STRICT_OBJC_MSGSEND = YES;
				GCC_C_LANGUAGE_STANDARD = gnu11;
				GCC_NO_COMMON_BLOCKS = YES;
				GCC_WARN_64_TO_32_BIT_CONVERSION = YES;
				GCC_WARN_ABOUT_RETURN_TYPE = YES_ERROR;
				GCC_WARN_UNDECLARED_SELECTOR = YES;
				GCC_WARN_UNINITIALIZED_AUTOS = YES_AGGRESSIVE;
				GCC_WARN_UNUSED_FUNCTION = YES;
				GCC_WARN_UNUSED_VARIABLE = YES;
				IPHONEOS_DEPLOYMENT_TARGET = 12.1;
				MTL_ENABLE_DEBUG_INFO = NO;
				MTL_FAST_MATH = YES;
				SDKROOT = iphoneos;
				VALIDATE_PRODUCT = YES;
			};
			name = Release;
		};
		44A6FB80226F2D4900416F54 /* Debug */ = {
			isa = XCBuildConfiguration;
			buildSettings = {
				ASSETCATALOG_COMPILER_APPICON_NAME = AppIcon;
				CODE_SIGN_STYLE = Automatic;
				INFOPLIST_FILE = MYIPHONE/Info.plist;
				LD_RUNPATH_SEARCH_PATHS = (
					"$(inherited)",
					"@executable_path/Frameworks",
				);
				PRODUCT_BUNDLE_IDENTIFIER = tt.MYIPHONE;
				PRODUCT_NAME = "$(TARGET_NAME)";
				TARGETED_DEVICE_FAMILY = "1,2";
			};
			name = Debug;
		};
		44A6FB81226F2D4900416F54 /* Release */ = {
			isa = XCBuildConfiguration;
			buildSettings = {
				ASSETCATALOG_COMPILER_APPICON_NAME = AppIcon;
				CODE_SIGN_STYLE = Automatic;
				INFOPLIST_FILE = MYIPHONE/Info.plist;
				LD_RUNPATH_SEARCH_PATHS = (
					"$(inherited)",
					"@executable_path/Frameworks",
				);
				PRODUCT_BUNDLE_IDENTIFIER = tt.MYIPHONE;
				PRODUCT_NAME = "$(TARGET_NAME)";
				TARGETED_DEVICE_FAMILY = "1,2";
			};
			name = Release;
		};
		44A6FB83226F2D4900416F54 /* Debug */ = {
			isa = XCBuildConfiguration;
			buildSettings = {
				BUNDLE_LOADER = "$(TEST_HOST)";
				CODE_SIGN_STYLE = Automatic;
				INFOPLIST_FILE = MYIPHONETests/Info.plist;
				LD_RUNPATH_SEARCH_PATHS = (
					"$(inherited)",
					"@executable_path/Frameworks",
					"@loader_path/Frameworks",
				);
				PRODUCT_BUNDLE_IDENTIFIER = tt.MYIPHONETests;
				PRODUCT_NAME = "$(TARGET_NAME)";
				TARGETED_DEVICE_FAMILY = "1,2";
				TEST_HOST = "$(BUILT_PRODUCTS_DIR)/MYIPHONE.app/MYIPHONE";
			};
			name = Debug;
		};
		44A6FB84226F2D4900416F54 /* Release */ = {
			isa = XCBuildConfiguration;
			buildSettings = {
				BUNDLE_LOADER = "$(TEST_HOST)";
				CODE_SIGN_STYLE = Automatic;
				INFOPLIST_FILE = MYIPHONETests/Info.plist;
				LD_RUNPATH_SEARCH_PATHS = (
					"$(inherited)",
					"@executable_path/Frameworks",
					"@loader_path/Frameworks",
				);
				PRODUCT_BUNDLE_IDENTIFIER = tt.MYIPHONETests;
				PRODUCT_NAME = "$(TARGET_NAME)";
				TARGETED_DEVICE_FAMILY = "1,2";
				TEST_HOST = "$(BUILT_PRODUCTS_DIR)/MYIPHONE.app/MYIPHONE";
			};
			name = Release;
		};
		44A6FB86226F2D4900416F54 /* Debug */ = {
			isa = XCBuildConfiguration;
			buildSettings = {
				CODE_SIGN_STYLE = Automatic;
				INFOPLIST_FILE = MYIPHONEUITests/Info.plist;
				LD_RUNPATH_SEARCH_PATHS = (
					"$(inherited)",
					"@executable_path/Frameworks",
					"@loader_path/Frameworks",
				);
				PRODUCT_BUNDLE_IDENTIFIER = tt.MYIPHONEUITests;
				PRODUCT_NAME = "$(TARGET_NAME)";
				TARGETED_DEVICE_FAMILY = "1,2";
				TEST_TARGET_NAME = MYIPHONE;
			};
			name = Debug;
		};
		44A6FB87226F2D4900416F54 /* Release */ = {
			isa = XCBuildConfiguration;
			buildSettings = {
				CODE_SIGN_STYLE = Automatic;
				INFOPLIST_FILE = MYIPHONEUITests/Info.plist;
				LD_RUNPATH_SEARCH_PATHS = (
					"$(inherited)",
					"@executable_path/Frameworks",
					"@loader_path/Frameworks",
				);
				PRODUCT_BUNDLE_IDENTIFIER = tt.MYIPHONEUITests;
				PRODUCT_NAME = "$(TARGET_NAME)";
				TARGETED_DEVICE_FAMILY = "1,2";
				TEST_TARGET_NAME = MYIPHONE;
			};
			name = Release;
		};
/* End XCBuildConfiguration section */

/* Begin XCConfigurationList section */
		44A6FB4E226F2D4700416F54 /* Build configuration list for PBXProject "MYIPHONE" */ = {
			isa = XCConfigurationList;
			buildConfigurations = (
				44A6FB7D226F2D4900416F54 /* Debug */,
				44A6FB7E226F2D4900416F54 /* Release */,
			);
			defaultConfigurationIsVisible = 0;
			defaultConfigurationName = Release;
		};
		44A6FB7F226F2D4900416F54 /* Build configuration list for PBXNativeTarget "MYIPHONE" */ = {
			isa = XCConfigurationList;
			buildConfigurations = (
				44A6FB80226F2D4900416F54 /* Debug */,
				44A6FB81226F2D4900416F54 /* Release */,
			);
			defaultConfigurationIsVisible = 0;
			defaultConfigurationName = Release;
		};
		44A6FB82226F2D4900416F54 /* Build configuration list for PBXNativeTarget "MYIPHONETests" */ = {
			isa = XCConfigurationList;
			buildConfigurations = (
				44A6FB83226F2D4900416F54 /* Debug */,
				44A6FB84226F2D4900416F54 /* Release */,
			);
			defaultConfigurationIsVisible = 0;
			defaultConfigurationName = Release;
		};
		44A6FB85226F2D4900416F54 /* Build configuration list for PBXNativeTarget "MYIPHONEUITests" */ = {
			isa = XCConfigurationList;
			buildConfigurations = (
				44A6FB86226F2D4900416F54 /* Debug */,
				44A6FB87226F2D4900416F54 /* Release */,
			);
			defaultConfigurationIsVisible = 0;
			defaultConfigurationName = Release;
		};
/* End XCConfigurationList section */
	};
	rootObject = 44A6FB4B226F2D4700416F54 /* Project object */;
}
